
Microsoft Visual Studio Solution File, Format Version 12.00
# Visual Studio Version 17
VisualStudioVersion = 17.7.34009.444
MinimumVisualStudioVersion = 10.0.40219.1
Project("{2150E333-8FDC-42A3-9474-1A3956D46DE8}") = "src", "src", "{5AB9D139-B4EF-491F-B9C3-F32713D2A509}"
EndProject
Project("{2150E333-8FDC-42A3-9474-1A3956D46DE8}") = "1.Api", "1.Api", "{CB43549A-C60A-4CDA-B5E6-51ECB039F634}"
EndProject
Project("{2150E333-8FDC-42A3-9474-1A3956D46DE8}") = "2.Applications", "2.Applications", "{FFCDEFB4-B607-42C1-A943-938C8692D40D}"
EndProject
Project("{2150E333-8FDC-42A3-9474-1A3956D46DE8}") = "3.Core", "3.Core", "{EE8AFFA9-31FF-4883-AAD4-6D88EFD637ED}"
EndProject
Project("{2150E333-8FDC-42A3-9474-1A3956D46DE8}") = "4.Infrastructure", "4.Infrastructure", "{9C8F0E60-1FFA-4B82-9A21-8CF37C14E7A3}"
EndProject
Project("{FAE04EC0-301F-11D3-BF4B-00C04F79EFBC}") = "AppleStore.CrossCutting", "AppleStore.CrossCutting\AppleStore.CrossCutting.csproj", "{D24C968E-756D-4647-A722-07E24C680949}"
EndProject
Project("{FAE04EC0-301F-11D3-BF4B-00C04F79EFBC}") = "AppleStore.Data", "AppleStore.Data\AppleStore.Data.csproj", "{25F0A7D2-0787-41F2-AC53-3C1935907DDA}"
EndProject
Project("{FAE04EC0-301F-11D3-BF4B-00C04F79EFBC}") = "AppleStore.Domain", "AppleStore.Domain\AppleStore.Domain.csproj", "{2B2B8358-6E6B-482F-AFE0-78220B14EDDF}"
EndProject
Project("{FAE04EC0-301F-11D3-BF4B-00C04F79EFBC}") = "AppleStore.Application.Input", "AppleStore.Application.Input\AppleStore.Application.Input.csproj", "{A8B56236-99E4-4F3F-926B-200517742A5A}"
EndProject
Project("{FAE04EC0-301F-11D3-BF4B-00C04F79EFBC}") = "AppleStore.Application.Output", "AppleStore.Application.Output\AppleStore.Application.Output.csproj", "{44232E2F-B75D-4F2E-97D2-6080DFAA9B9F}"
EndProject
Project("{FAE04EC0-301F-11D3-BF4B-00C04F79EFBC}") = "AppleStore.Api", "AppleStore.Api\AppleStore.Api.csproj", "{7E24E0C3-EC2A-4EA5-B0D9-4B72D1FC9974}"
EndProject
Project("{2150E333-8FDC-42A3-9474-1A3956D46DE8}") = "Tests", "Tests", "{17AF053D-D55D-44E6-B2E1-63B0C2387BB6}"
EndProject
Project("{FAE04EC0-301F-11D3-BF4B-00C04F79EFBC}") = "Domain.Tests", "Domain.Tests\Domain.Tests.csproj", "{55119130-335F-4AA3-AD8B-F51A5FCEC4B6}"
EndProject
Global
	GlobalSection(SolutionConfigurationPlatforms) = preSolution
		Debug|Any CPU = Debug|Any CPU
		Release|Any CPU = Release|Any CPU
	EndGlobalSection
	GlobalSection(ProjectConfigurationPlatforms) = postSolution
		{D24C968E-756D-4647-A722-07E24C680949}.Debug|Any CPU.ActiveCfg = Debug|Any CPU
		{D24C968E-756D-4647-A722-07E24C680949}.Debug|Any CPU.Build.0 = Debug|Any CPU
		{D24C968E-756D-4647-A722-07E24C680949}.Release|Any CPU.ActiveCfg = Release|Any CPU
		{D24C968E-756D-4647-A722-07E24C680949}.Release|Any CPU.Build.0 = Release|Any CPU
		{25F0A7D2-0787-41F2-AC53-3C1935907DDA}.Debug|Any CPU.ActiveCfg = Debug|Any CPU
		{25F0A7D2-0787-41F2-AC53-3C1935907DDA}.Debug|Any CPU.Build.0 = Debug|Any CPU
		{25F0A7D2-0787-41F2-AC53-3C1935907DDA}.Release|Any CPU.ActiveCfg = Release|Any CPU
		{25F0A7D2-0787-41F2-AC53-3C1935907DDA}.Release|Any CPU.Build.0 = Release|Any CPU
		{2B2B8358-6E6B-482F-AFE0-78220B14EDDF}.Debug|Any CPU.ActiveCfg = Debug|Any CPU
		{2B2B8358-6E6B-482F-AFE0-78220B14EDDF}.Debug|Any CPU.Build.0 = Debug|Any CPU
		{2B2B8358-6E6B-482F-AFE0-78220B14EDDF}.Release|Any CPU.ActiveCfg = Release|Any CPU
		{2B2B8358-6E6B-482F-AFE0-78220B14EDDF}.Release|Any CPU.Build.0 = Release|Any CPU
		{A8B56236-99E4-4F3F-926B-200517742A5A}.Debug|Any CPU.ActiveCfg = Debug|Any CPU
		{A8B56236-99E4-4F3F-926B-200517742A5A}.Debug|Any CPU.Build.0 = Debug|Any CPU
		{A8B56236-99E4-4F3F-926B-200517742A5A}.Release|Any CPU.ActiveCfg = Release|Any CPU
		{A8B56236-99E4-4F3F-926B-200517742A5A}.Release|Any CPU.Build.0 = Release|Any CPU
		{44232E2F-B75D-4F2E-97D2-6080DFAA9B9F}.Debug|Any CPU.ActiveCfg = Debug|Any CPU
		{44232E2F-B75D-4F2E-97D2-6080DFAA9B9F}.Debug|Any CPU.Build.0 = Debug|Any CPU
		{44232E2F-B75D-4F2E-97D2-6080DFAA9B9F}.Release|Any CPU.ActiveCfg = Release|Any CPU
		{44232E2F-B75D-4F2E-97D2-6080DFAA9B9F}.Release|Any CPU.Build.0 = Release|Any CPU
		{7E24E0C3-EC2A-4EA5-B0D9-4B72D1FC9974}.Debug|Any CPU.ActiveCfg = Debug|Any CPU
		{7E24E0C3-EC2A-4EA5-B0D9-4B72D1FC9974}.Debug|Any CPU.Build.0 = Debug|Any CPU
		{7E24E0C3-EC2A-4EA5-B0D9-4B72D1FC9974}.Release|Any CPU.ActiveCfg = Release|Any CPU
		{7E24E0C3-EC2A-4EA5-B0D9-4B72D1FC9974}.Release|Any CPU.Build.0 = Release|Any CPU
		{55119130-335F-4AA3-AD8B-F51A5FCEC4B6}.Debug|Any CPU.ActiveCfg = Debug|Any CPU
		{55119130-335F-4AA3-AD8B-F51A5FCEC4B6}.Debug|Any CPU.Build.0 = Debug|Any CPU
		{55119130-335F-4AA3-AD8B-F51A5FCEC4B6}.Release|Any CPU.ActiveCfg = Release|Any CPU
		{55119130-335F-4AA3-AD8B-F51A5FCEC4B6}.Release|Any CPU.Build.0 = Release|Any CPU
	EndGlobalSection
	GlobalSection(SolutionProperties) = preSolution
		HideSolutionNode = FALSE
	EndGlobalSection
	GlobalSection(NestedProjects) = preSolution
		{CB43549A-C60A-4CDA-B5E6-51ECB039F634} = {5AB9D139-B4EF-491F-B9C3-F32713D2A509}
		{FFCDEFB4-B607-42C1-A943-938C8692D40D} = {5AB9D139-B4EF-491F-B9C3-F32713D2A509}
		{EE8AFFA9-31FF-4883-AAD4-6D88EFD637ED} = {5AB9D139-B4EF-491F-B9C3-F32713D2A509}
		{9C8F0E60-1FFA-4B82-9A21-8CF37C14E7A3} = {5AB9D139-B4EF-491F-B9C3-F32713D2A509}
		{D24C968E-756D-4647-A722-07E24C680949} = {9C8F0E60-1FFA-4B82-9A21-8CF37C14E7A3}
		{25F0A7D2-0787-41F2-AC53-3C1935907DDA} = {9C8F0E60-1FFA-4B82-9A21-8CF37C14E7A3}
		{2B2B8358-6E6B-482F-AFE0-78220B14EDDF} = {EE8AFFA9-31FF-4883-AAD4-6D88EFD637ED}
		{A8B56236-99E4-4F3F-926B-200517742A5A} = {FFCDEFB4-B607-42C1-A943-938C8692D40D}
		{44232E2F-B75D-4F2E-97D2-6080DFAA9B9F} = {FFCDEFB4-B607-42C1-A943-938C8692D40D}
		{7E24E0C3-EC2A-4EA5-B0D9-4B72D1FC9974} = {CB43549A-C60A-4CDA-B5E6-51ECB039F634}
		{55119130-335F-4AA3-AD8B-F51A5FCEC4B6} = {17AF053D-D55D-44E6-B2E1-63B0C2387BB6}
	EndGlobalSection
	GlobalSection(ExtensibilityGlobals) = postSolution
		SolutionGuid = {532584B0-D555-404C-B531-CF1E57C8C086}
	EndGlobalSection
EndGlobal
